
Microsoft Visual Studio Solution File, Format Version 12.00
# Visual Studio Version 17
VisualStudioVersion = 17.12.35707.178 d17.12
MinimumVisualStudioVersion = 10.0.40219.1
Project("{FAE04EC0-301F-11D3-BF4B-00C04F79EFBC}") = "HelloGreetingApplication", "HelloGreetingApplication\HelloGreetingApplication.csproj", "{4417982A-830F-4B23-90BB-E2277464D0B5}"
EndProject
Project("{FAE04EC0-301F-11D3-BF4B-00C04F79EFBC}") = "BusinessLayer", "BusinessLayer\BusinessLayer.csproj", "{016C0261-A5EC-4515-8ACD-83A84FAF9341}"
EndProject
Project("{FAE04EC0-301F-11D3-BF4B-00C04F79EFBC}") = "RepositoryLayer", "RepositoryLayer\RepositoryLayer.csproj", "{7CDDB92F-A661-4A13-A0C1-B1C42DB8F89E}"
EndProject
Project("{FAE04EC0-301F-11D3-BF4B-00C04F79EFBC}") = "ModelLayer", "ModelLayer\ModelLayer.csproj", "{67B0877B-333C-495A-847D-03F3915A6B75}"
EndProject
Global
	GlobalSection(SolutionConfigurationPlatforms) = preSolution
		Debug|Any CPU = Debug|Any CPU
		Release|Any CPU = Release|Any CPU
	EndGlobalSection
	GlobalSection(ProjectConfigurationPlatforms) = postSolution
		{4417982A-830F-4B23-90BB-E2277464D0B5}.Debug|Any CPU.ActiveCfg = Debug|Any CPU
		{4417982A-830F-4B23-90BB-E2277464D0B5}.Debug|Any CPU.Build.0 = Debug|Any CPU
		{4417982A-830F-4B23-90BB-E2277464D0B5}.Release|Any CPU.ActiveCfg = Release|Any CPU
		{4417982A-830F-4B23-90BB-E2277464D0B5}.Release|Any CPU.Build.0 = Release|Any CPU
		{016C0261-A5EC-4515-8ACD-83A84FAF9341}.Debug|Any CPU.ActiveCfg = Debug|Any CPU
		{016C0261-A5EC-4515-8ACD-83A84FAF9341}.Debug|Any CPU.Build.0 = Debug|Any CPU
		{016C0261-A5EC-4515-8ACD-83A84FAF9341}.Release|Any CPU.ActiveCfg = Release|Any CPU
		{016C0261-A5EC-4515-8ACD-83A84FAF9341}.Release|Any CPU.Build.0 = Release|Any CPU
		{7CDDB92F-A661-4A13-A0C1-B1C42DB8F89E}.Debug|Any CPU.ActiveCfg = Debug|Any CPU
		{7CDDB92F-A661-4A13-A0C1-B1C42DB8F89E}.Debug|Any CPU.Build.0 = Debug|Any CPU
		{7CDDB92F-A661-4A13-A0C1-B1C42DB8F89E}.Release|Any CPU.ActiveCfg = Release|Any CPU
		{7CDDB92F-A661-4A13-A0C1-B1C42DB8F89E}.Release|Any CPU.Build.0 = Release|Any CPU
		{67B0877B-333C-495A-847D-03F3915A6B75}.Debug|Any CPU.ActiveCfg = Debug|Any CPU
		{67B0877B-333C-495A-847D-03F3915A6B75}.Debug|Any CPU.Build.0 = Debug|Any CPU
		{67B0877B-333C-495A-847D-03F3915A6B75}.Release|Any CPU.ActiveCfg = Release|Any CPU
		{67B0877B-333C-495A-847D-03F3915A6B75}.Release|Any CPU.Build.0 = Release|Any CPU
	EndGlobalSection
	GlobalSection(SolutionProperties) = preSolution
		HideSolutionNode = FALSE
	EndGlobalSection
EndGlobal
